
Microsoft Visual Studio Solution File, Format Version 12.00
# Visual Studio Version 17
VisualStudioVersion = 17.5.002.0
MinimumVisualStudioVersion = 10.0.40219.1
Project("{9A19103F-16F7-4668-BE54-9A1E7A4F7556}") = "cover-letter", "cover-letter.csproj", "{8BE1CFA4-A128-40E6-92D3-3304BAE3267A}"
EndProject
Global
	GlobalSection(SolutionConfigurationPlatforms) = preSolution
		Debug|Any CPU = Debug|Any CPU
		Release|Any CPU = Release|Any CPU
	EndGlobalSection
	GlobalSection(ProjectConfigurationPlatforms) = postSolution
		{8BE1CFA4-A128-40E6-92D3-3304BAE3267A}.Debug|Any CPU.ActiveCfg = Debug|Any CPU
		{8BE1CFA4-A128-40E6-92D3-3304BAE3267A}.Debug|Any CPU.Build.0 = Debug|Any CPU
		{8BE1CFA4-A128-40E6-92D3-3304BAE3267A}.Release|Any CPU.ActiveCfg = Release|Any CPU
		{8BE1CFA4-A128-40E6-92D3-3304BAE3267A}.Release|Any CPU.Build.0 = Release|Any CPU
	EndGlobalSection
	GlobalSection(SolutionProperties) = preSolution
		HideSolutionNode = FALSE
	EndGlobalSection
	GlobalSection(ExtensibilityGlobals) = postSolution
		SolutionGuid = {6FB89D49-FF9D-416B-82D4-B24C8B95418C}
	EndGlobalSection
EndGlobal
